Microsoft Visual Studio Solution File, Format Version 12.00
# Visual Studio Version 17
VisualStudioVersion = 17.5.002.0
MinimumVisualStudioVersion = 10.0.40219.1
Project("{9A19103F-16F7-4668-BE54-9A1E7A4F7556}") = "WebFormsApp", "WebFormsApp.csproj", "{C0F9E0DA-448D-4B98-B324-5C5D584F0FC2}"
EndProject
Global
	GlobalSection(SolutionConfigurationPlatforms) = preSolution
		Debug|Any CPU = Debug|Any CPU
		Release|Any CPU = Release|Any CPU
	EndGlobalSection
	GlobalSection(ProjectConfigurationPlatforms) = postSolution
		{C0F9E0DA-448D-4B98-B324-5C5D584F0FC2}.Debug|Any CPU.ActiveCfg = Debug|Any CPU
		{C0F9E0DA-448D-4B98-B324-5C5D584F0FC2}.Debug|Any CPU.Build.0 = Debug|Any CPU
		{C0F9E0DA-448D-4B98-B324-5C5D584F0FC2}.Release|Any CPU.ActiveCfg = Release|Any CPU
		{C0F9E0DA-448D-4B98-B324-5C5D584F0FC2}.Release|Any CPU.Build.0 = Release|Any CPU
	EndGlobalSection
	GlobalSection(SolutionProperties) = preSolution
		HideSolutionNode = FALSE
	EndGlobalSection
	GlobalSection(ExtensibilityGlobals) = postSolution
		SolutionGuid = {50B2DB40-A3DF-4EA2-B05F-613894A85D89}
	EndGlobalSection
	GlobalSection(ExtensibilityAdditions) = postSolution
		omnisharp.monoPath = /usr/lib/mono
		omnisharp.useModernNet = false
	EndGlobalSection
EndGlobal
